
Microsoft Visual Studio Solution File, Format Version 12.00
# Visual Studio 15
VisualStudioVersion = 15.0.26228.9
MinimumVisualStudioVersion = 10.0.40219.1
Project("{FAE04EC0-301F-11D3-BF4B-00C04F79EFBC}") = "TestTamTam", "TestTamTam\TestTamTam.csproj", "{1D15AFB9-ED0E-4A09-A543-0A541CD0D7C8}"
EndProject
Project("{FAE04EC0-301F-11D3-BF4B-00C04F79EFBC}") = "MoviesAPI", "MoviesAPI\MoviesAPI.csproj", "{EB685F7A-C3A8-4105-9343-56330F148C0D}"
EndProject
Global
	GlobalSection(SolutionConfigurationPlatforms) = preSolution
		Debug|Any CPU = Debug|Any CPU
		Release|Any CPU = Release|Any CPU
	EndGlobalSection
	GlobalSection(ProjectConfigurationPlatforms) = postSolution
		{1D15AFB9-ED0E-4A09-A543-0A541CD0D7C8}.Debug|Any CPU.ActiveCfg = Debug|Any CPU
		{1D15AFB9-ED0E-4A09-A543-0A541CD0D7C8}.Debug|Any CPU.Build.0 = Debug|Any CPU
		{1D15AFB9-ED0E-4A09-A543-0A541CD0D7C8}.Release|Any CPU.ActiveCfg = Release|Any CPU
		{1D15AFB9-ED0E-4A09-A543-0A541CD0D7C8}.Release|Any CPU.Build.0 = Release|Any CPU
		{EB685F7A-C3A8-4105-9343-56330F148C0D}.Debug|Any CPU.ActiveCfg = Debug|Any CPU
		{EB685F7A-C3A8-4105-9343-56330F148C0D}.Debug|Any CPU.Build.0 = Debug|Any CPU
		{EB685F7A-C3A8-4105-9343-56330F148C0D}.Release|Any CPU.ActiveCfg = Release|Any CPU
		{EB685F7A-C3A8-4105-9343-56330F148C0D}.Release|Any CPU.Build.0 = Release|Any CPU
	EndGlobalSection
	GlobalSection(SolutionProperties) = preSolution
		HideSolutionNode = FALSE
	EndGlobalSection
EndGlobal
